
Microsoft Visual Studio Solution File, Format Version 12.00
# Visual Studio Version 16
VisualStudioVersion = 16.0.30104.148
MinimumVisualStudioVersion = 10.0.40219.1
Project("{FAE04EC0-301F-11D3-BF4B-00C04F79EFBC}") = "ProjectNewAspCore", "ProjectNewAspCore\ProjectNewAspCore.csproj", "{C258F811-1C65-4D08-9394-AA4C68ACC090}"
EndProject
Global
	GlobalSection(SolutionConfigurationPlatforms) = preSolution
		Debug|Any CPU = Debug|Any CPU
		Release|Any CPU = Release|Any CPU
	EndGlobalSection
	GlobalSection(ProjectConfigurationPlatforms) = postSolution
		{C258F811-1C65-4D08-9394-AA4C68ACC090}.Debug|Any CPU.ActiveCfg = Debug|Any CPU
		{C258F811-1C65-4D08-9394-AA4C68ACC090}.Debug|Any CPU.Build.0 = Debug|Any CPU
		{C258F811-1C65-4D08-9394-AA4C68ACC090}.Release|Any CPU.ActiveCfg = Release|Any CPU
		{C258F811-1C65-4D08-9394-AA4C68ACC090}.Release|Any CPU.Build.0 = Release|Any CPU
	EndGlobalSection
	GlobalSection(SolutionProperties) = preSolution
		HideSolutionNode = FALSE
	EndGlobalSection
	GlobalSection(ExtensibilityGlobals) = postSolution
		SolutionGuid = {90676BAF-0514-48AF-8FA1-84C16D0E3E7A}
	EndGlobalSection
EndGlobal
